
Microsoft Visual Studio Solution File, Format Version 12.00
# Visual Studio 15
Project("{FAE04EC0-301F-11D3-BF4B-00C04F79EFBC}") = "Assembly-CSharp", "Assembly-CSharp.csproj", "{AFD1F58B-6A1F-5B0F-3EF9-F37DE70F6891}"
EndProject
Global
	GlobalSection(SolutionConfigurationPlatforms) = preSolution
		Debug|Any CPU = Debug|Any CPU
		Release|Any CPU = Release|Any CPU
	EndGlobalSection
	GlobalSection(ProjectConfigurationPlatforms) = postSolution
		{AFD1F58B-6A1F-5B0F-3EF9-F37DE70F6891}.Debug|Any CPU.ActiveCfg = Debug|Any CPU
		{AFD1F58B-6A1F-5B0F-3EF9-F37DE70F6891}.Debug|Any CPU.Build.0 = Debug|Any CPU
		{AFD1F58B-6A1F-5B0F-3EF9-F37DE70F6891}.Release|Any CPU.ActiveCfg = Release|Any CPU
		{AFD1F58B-6A1F-5B0F-3EF9-F37DE70F6891}.Release|Any CPU.Build.0 = Release|Any CPU
	EndGlobalSection
	GlobalSection(SolutionProperties) = preSolution
		HideSolutionNode = FALSE
	EndGlobalSection
	GlobalSection(MonoDevelopProperties) = preSolution
		StartupItem = Assembly-CSharp.csproj
	EndGlobalSection
EndGlobal
